github.com/artemijrodionov/performance-aware-programming/sim8086 v0.0.0-20231001060130-c3e94190fca7 h1:hutu8LtR0QDUYiDy8RG1bRJKb4WdYAo5OqzqFAx5Jxw=
github.com/artemijrodionov/performance-aware-programming/sim8086 v0.0.0-20231001060130-c3e94190fca7/go.mod h1:zOz9W2SPsjMtRQwwrgKuDXt/acc89ir4JQQkxeXexAg=
github.com/artemijrodionov/performance-aware-programming/sim8086 v0.0.0-20231001135505-e9863839197f h1:l2gi1VlhdydpigVb2OHrpxGJDM8ZOKzCQBoGaxazwdo=
github.com/artemijrodionov/performance-aware-programming/sim8086 v0.0.0-20231001135505-e9863839197f/go.mod h1:zOz9W2SPsjMtRQwwrgKuDXt/acc89ir4JQQkxeXexAg=
github.com/artemijrodionov/performance-aware-programming/sim8086 v0.0.0-20231001141914-c2fbd5d457b4 h1:9eXt1t+Z6RDgpUirKv2bQRHf4EDlJUjYj8yHJEPZAIg=
github.com/artemijrodionov/performance-aware-programming/sim8086 v0.0.0-20231001141914-c2fbd5d457b4/go.mod h1:zOz9W2SPsjMtRQwwrgKuDXt/acc89ir4JQQkxeXexAg=
github.com/artemijrodionov/performance-aware-programming/sim8086 v0.0.0-20231001142151-1b81e20d2bbd h1:uYcszHR+jtt/tbiQQL6bQd4dCzoRQYqtCArT/K1z5yI=
github.com/artemijrodionov/performance-aware-programming/sim8086 v0.0.0-20231001142151-1b81e20d2bbd/go.mod h1:zOz9W2SPsjMtRQwwrgKuDXt/acc89ir4JQQkxeXexAg=
