github.com/artemijrodionov/performance-aware-programming/sim8086 v0.0.0-20231001060130-c3e94190fca7 h1:hutu8LtR0QDUYiDy8RG1bRJKb4WdYAo5OqzqFAx5Jxw=
github.com/artemijrodionov/performance-aware-programming/sim8086 v0.0.0-20231001060130-c3e94190fca7/go.mod h1:zOz9W2SPsjMtRQwwrgKuDXt/acc89ir4JQQkxeXexAg=
